
Microsoft Visual Studio Solution File, Format Version 12.00
# Visual Studio Version 17
VisualStudioVersion = 17.3.32721.290
MinimumVisualStudioVersion = 10.0.40219.1
Project("{FAE04EC0-301F-11D3-BF4B-00C04F79EFBC}") = "structs", "structs\structs.csproj", "{2292E656-6E1A-4003-B69F-ADD4DEB93F8E}"
EndProject
Global
	GlobalSection(SolutionConfigurationPlatforms) = preSolution
		Debug|Any CPU = Debug|Any CPU
		Release|Any CPU = Release|Any CPU
	EndGlobalSection
	GlobalSection(ProjectConfigurationPlatforms) = postSolution
		{2292E656-6E1A-4003-B69F-ADD4DEB93F8E}.Debug|Any CPU.ActiveCfg = Debug|Any CPU
		{2292E656-6E1A-4003-B69F-ADD4DEB93F8E}.Debug|Any CPU.Build.0 = Debug|Any CPU
		{2292E656-6E1A-4003-B69F-ADD4DEB93F8E}.Release|Any CPU.ActiveCfg = Release|Any CPU
		{2292E656-6E1A-4003-B69F-ADD4DEB93F8E}.Release|Any CPU.Build.0 = Release|Any CPU
	EndGlobalSection
	GlobalSection(SolutionProperties) = preSolution
		HideSolutionNode = FALSE
	EndGlobalSection
	GlobalSection(ExtensibilityGlobals) = postSolution
		SolutionGuid = {B61508ED-915F-407F-9671-6EAF4146D4D8}
	EndGlobalSection
EndGlobal
